
Microsoft Visual Studio Solution File, Format Version 12.00
# Visual Studio Version 17
VisualStudioVersion = 17.5.002.0
MinimumVisualStudioVersion = 10.0.40219.1
Project("{9A19103F-16F7-4668-BE54-9A1E7A4F7556}") = "CoreBlogApp", "CoreBlogApp.csproj", "{CE1F7ECC-E66D-42FC-B815-C1A46D1111C6}"
EndProject
Global
	GlobalSection(SolutionConfigurationPlatforms) = preSolution
		Debug|Any CPU = Debug|Any CPU
		Release|Any CPU = Release|Any CPU
	EndGlobalSection
	GlobalSection(ProjectConfigurationPlatforms) = postSolution
		{CE1F7ECC-E66D-42FC-B815-C1A46D1111C6}.Debug|Any CPU.ActiveCfg = Debug|Any CPU
		{CE1F7ECC-E66D-42FC-B815-C1A46D1111C6}.Debug|Any CPU.Build.0 = Debug|Any CPU
		{CE1F7ECC-E66D-42FC-B815-C1A46D1111C6}.Release|Any CPU.ActiveCfg = Release|Any CPU
		{CE1F7ECC-E66D-42FC-B815-C1A46D1111C6}.Release|Any CPU.Build.0 = Release|Any CPU
	EndGlobalSection
	GlobalSection(SolutionProperties) = preSolution
		HideSolutionNode = FALSE
	EndGlobalSection
	GlobalSection(ExtensibilityGlobals) = postSolution
		SolutionGuid = {465D6803-AF8E-45F2-A443-FE88C783FA58}
	EndGlobalSection
EndGlobal
